# This file is automatically @generated by Cargo.
# It is not intended for manual editing.
version = 4

[[package]]
name = "armature-cli"
version = "0.1.0"
dependencies = [
 "armature-core",
 "armature-kernel",
 "armature-parser",
]

[[package]]
name = "armature-core"
version = "0.1.0"

[[package]]
name = "armature-kernel"
version = "0.1.0"
dependencies = [
 "armature-core",
 "armature-store",
]

[[package]]
name = "armature-parser"
version = "0.1.0"
dependencies = [
 "armature-core",
]

[[package]]
name = "armature-store"
version = "0.1.0"
dependencies = [
 "armature-core",
]
